<?xml version="1.0" encoding="utf-8"?>
<Project ToolsVersion="4.0" xmlns="http://schemas.microsoft.com/developer/msbuild/2003">
  <ItemGroup>
    <Filter Include="Resources">
      <UniqueIdentifier>{d51a9cde-4c67-4a05-9aff-7986bd23c8eb}</UniqueIdentifier>
    </Filter>
    <Filter Include="Headers">
      <UniqueIdentifier>{3716b6a9-64b7-4923-b6b4-f7e52c5b320b}</UniqueIdentifier>
    </Filter>
    <Filter Include="pch">
      <UniqueIdentifier>{0ff0f11d-55df-4c7d-bc16-ec7179b348e1}</UniqueIdentifier>
    </Filter>
    <Filter Include="Entry">
      <UniqueIdentifier>{c8bbe8aa-5ed3-478b-a00b-a591a8e9c65a}</UniqueIdentifier>
    </Filter>
    <Filter Include="Renderer">
      <UniqueIdentifier>{6cbcf9bd-e4f1-451f-b9c6-dd073477aeb6}</UniqueIdentifier>
    </Filter>
    <Filter Include="Game">
      <UniqueIdentifier>{7d8e3047-ccd1-45bd-8e34-22c4418bf2f5}</UniqueIdentifier>
    </Filter>
    <Filter Include="App">
      <UniqueIdentifier>{bb162187-6c2f-4a27-8f36-b969bee5cfe8}</UniqueIdentifier>
    </Filter>
    <Filter Include="App\Application">
      <UniqueIdentifier>{9bd937f8-a233-4e5c-90b5-321d5b26da90}</UniqueIdentifier>
    </Filter>
    <Filter Include="Headers\Etc">
      <UniqueIdentifier>{37aa9a36-cc7a-4478-9ea8-f1358b9c1e55}</UniqueIdentifier>
    </Filter>
    <Filter Include="Game\Game">
      <UniqueIdentifier>{cb37106f-2b3c-41e3-b913-ffd89f71d92c}</UniqueIdentifier>
    </Filter>
    <Filter Include="Renderer\Core">
      <UniqueIdentifier>{aca0eb38-a960-4f8c-ae7a-e1ca31943ff6}</UniqueIdentifier>
    </Filter>
    <Filter Include="Renderer\Resources">
      <UniqueIdentifier>{64e9871d-f8a2-4ca0-85c8-adca5f8660c9}</UniqueIdentifier>
    </Filter>
    <Filter Include="Utils">
      <UniqueIdentifier>{f0cfddd2-1ff3-45b2-95f5-f008b44d8234}</UniqueIdentifier>
    </Filter>
    <Filter Include="Renderer\Managers">
      <UniqueIdentifier>{a19fff12-a99c-4d65-96b6-8742324b2936}</UniqueIdentifier>
    </Filter>
    <Filter Include="Renderer\DirectXTex">
      <UniqueIdentifier>{7618deeb-8b4d-487e-b559-e50132a13a3c}</UniqueIdentifier>
    </Filter>
    <Filter Include="Renderer\Pool">
      <UniqueIdentifier>{d69f738a-8e54-4a1e-9727-71122f08004a}</UniqueIdentifier>
    </Filter>
    <Filter Include="Renderer\Resources\Render">
      <UniqueIdentifier>{c9c80582-eee7-4b03-9504-dc71d91f045c}</UniqueIdentifier>
    </Filter>
    <Filter Include="Renderer\RenderMethods">
      <UniqueIdentifier>{0f1e38a4-7605-4dd2-a3e8-292ab3d8ed6e}</UniqueIdentifier>
    </Filter>
    <Filter Include="Renderer\RenderMethods\Base">
      <UniqueIdentifier>{f598f5fd-8f85-42bc-939f-b7c1a7b783c1}</UniqueIdentifier>
    </Filter>
    <Filter Include="Types">
      <UniqueIdentifier>{42bb0836-68f3-48ef-903c-555b45478ba1}</UniqueIdentifier>
    </Filter>
    <Filter Include="Game\Object">
      <UniqueIdentifier>{66ba362a-3ccd-445a-a632-f968b2032999}</UniqueIdentifier>
    </Filter>
    <Filter Include="Game\Object\Object">
      <UniqueIdentifier>{f7eaf2b7-0955-4c59-a87f-9284d6d535c4}</UniqueIdentifier>
    </Filter>
    <Filter Include="Game\Object\Components">
      <UniqueIdentifier>{6d085cab-0133-40bf-ac6c-04e3245244c2}</UniqueIdentifier>
    </Filter>
    <Filter Include="Game\Demos">
      <UniqueIdentifier>{7aa35105-22f3-4b8c-a82f-0b2cb147855c}</UniqueIdentifier>
    </Filter>
    <Filter Include="Renderer\Resources\Model">
      <UniqueIdentifier>{787703d4-8596-4513-9255-af4876e52345}</UniqueIdentifier>
    </Filter>
    <Filter Include="Renderer\RootSignature">
      <UniqueIdentifier>{4b4938de-0d83-46a6-a5a2-6ac466fdc0a7}</UniqueIdentifier>
    </Filter>
    <Filter Include="Renderer\Camera">
      <UniqueIdentifier>{58f34bc4-7c3e-4b6b-afd9-dc1de2f459e6}</UniqueIdentifier>
    </Filter>
    <Filter Include="Renderer\ConstantBuffer">
      <UniqueIdentifier>{c01e5206-23da-49d9-a96d-ca7c9916a4c8}</UniqueIdentifier>
    </Filter>
    <Filter Include="Renderer\Pool\Descriptor">
      <UniqueIdentifier>{fbf38540-028a-42cf-99c0-144d4da07901}</UniqueIdentifier>
    </Filter>
    <Filter Include="Game\Demos\Level.0">
      <UniqueIdentifier>{942167d2-04d9-405e-bcca-ae187ef50ecf}</UniqueIdentifier>
    </Filter>
    <Filter Include="Game\Demos\Level.0\Hierarchy Model">
      <UniqueIdentifier>{212730a2-d4cc-4b30-8fb3-903e59ac5850}</UniqueIdentifier>
    </Filter>
    <Filter Include="Game\Demos\Level.0\Hierarchy Model\App">
      <UniqueIdentifier>{3f48eb6d-166c-4b40-ac64-d2439611bd70}</UniqueIdentifier>
    </Filter>
    <Filter Include="Game\Demos\Level.0\Hierarchy Model\Render Resources">
      <UniqueIdentifier>{1f8e5b30-cacf-4bc0-b20d-97b1e03ea7c1}</UniqueIdentifier>
    </Filter>
    <Filter Include="Game\Demos\Level.0\Hierarchy Model\Shader">
      <UniqueIdentifier>{93b509e6-31b7-41bd-9ce2-2e6456eeae20}</UniqueIdentifier>
    </Filter>
    <Filter Include="Game\Demos\Level.0\Basic Forward Render">
      <UniqueIdentifier>{2afe6b7a-d7df-4814-90e0-771fc2fd18a7}</UniqueIdentifier>
    </Filter>
    <Filter Include="Game\Demos\Level.0\Basic Forward Render\App">
      <UniqueIdentifier>{ff82f672-35f9-4aee-91a9-d64d49d5859b}</UniqueIdentifier>
    </Filter>
    <Filter Include="Game\Demos\Level.0\Basic Forward Render\Render Resources">
      <UniqueIdentifier>{3470798c-b9a4-4505-b2e8-8c2866f155e4}</UniqueIdentifier>
    </Filter>
    <Filter Include="Game\Demos\Level.0\Basic Forward Render\Shader">
      <UniqueIdentifier>{d2df76da-60eb-4c57-b612-4cf9ae2e1a29}</UniqueIdentifier>
    </Filter>
    <Filter Include="Game\Demos\Level.0\Lambert Lighting">
      <UniqueIdentifier>{e89db0bf-cd68-4bcc-94bf-a12b8a80ccc8}</UniqueIdentifier>
    </Filter>
    <Filter Include="Game\Demos\Level.0\Blinn-Phong Lighting">
      <UniqueIdentifier>{6c3599ee-594f-4fd2-8387-4ae481e66160}</UniqueIdentifier>
    </Filter>
    <Filter Include="Game\Demos\Level.0\SpotLight">
      <UniqueIdentifier>{c34e6630-e436-4d15-bc04-6c801c78e7db}</UniqueIdentifier>
    </Filter>
    <Filter Include="Game\Demos\Level.0\PointLight">
      <UniqueIdentifier>{17bfc0da-acae-42fe-afdf-bc1a3a1bf55d}</UniqueIdentifier>
    </Filter>
    <Filter Include="Game\Demos\Level.1">
      <UniqueIdentifier>{7495034c-e824-47cb-a806-6d7857f3e5fd}</UniqueIdentifier>
    </Filter>
    <Filter Include="Game\Demos\Level.0\Instancing">
      <UniqueIdentifier>{483d83d1-c59e-4e23-bb2c-294d164ef2f4}</UniqueIdentifier>
    </Filter>
    <Filter Include="Game\Demos\Level.0\Lambert Lighting\App">
      <UniqueIdentifier>{1bb3283e-7f50-4c21-bb75-c5695ea473e0}</UniqueIdentifier>
    </Filter>
    <Filter Include="Game\Demos\Level.0\Lambert Lighting\Resources">
      <UniqueIdentifier>{0bdde914-fa94-4cae-9dde-f1e4101b3073}</UniqueIdentifier>
    </Filter>
    <Filter Include="Game\Demos\Level.0\Lambert Lighting\Shader">
      <UniqueIdentifier>{346dd4f4-893f-4710-874a-d4ac967b6638}</UniqueIdentifier>
    </Filter>
    <Filter Include="Utils\ImGui">
      <UniqueIdentifier>{8b601ed3-b6be-4414-8677-b302bc1e0283}</UniqueIdentifier>
    </Filter>
    <Filter Include="Game\Demos\Level.0\Blinn-Phong Lighting\App">
      <UniqueIdentifier>{2400391c-c296-4cc0-81fe-528fe4d4aae9}</UniqueIdentifier>
    </Filter>
    <Filter Include="Game\Demos\Level.0\Blinn-Phong Lighting\Resources">
      <UniqueIdentifier>{321d0bac-ab35-4b79-bbc8-b9412f392c99}</UniqueIdentifier>
    </Filter>
    <Filter Include="Game\Demos\Level.0\Blinn-Phong Lighting\Shader">
      <UniqueIdentifier>{d351be4d-bbb7-4eca-ab57-d7c7326d0115}</UniqueIdentifier>
    </Filter>
    <Filter Include="Game\Demos\Level.0\SpotLight\App">
      <UniqueIdentifier>{f459a80f-a0e0-4b37-818d-143d673a4853}</UniqueIdentifier>
    </Filter>
    <Filter Include="Game\Demos\Level.0\SpotLight\Resources">
      <UniqueIdentifier>{822e362a-1b9e-4c94-b831-221902563f83}</UniqueIdentifier>
    </Filter>
    <Filter Include="Game\Demos\Level.0\SpotLight\Shader">
      <UniqueIdentifier>{bd730f73-33f9-406a-9b5e-8ae5f87ce07a}</UniqueIdentifier>
    </Filter>
    <Filter Include="Game\Demos\Level.0\PointLight\App">
      <UniqueIdentifier>{dc6a73ff-91bc-42ed-bd7a-7a4eb5774a68}</UniqueIdentifier>
    </Filter>
    <Filter Include="Game\Demos\Level.0\PointLight\Resources">
      <UniqueIdentifier>{992687f7-ea2b-4c93-8bb3-6421e166ddec}</UniqueIdentifier>
    </Filter>
    <Filter Include="Game\Demos\Level.0\PointLight\Shader">
      <UniqueIdentifier>{b735f1b9-3e90-4ca2-b16f-ba1fc152fbb2}</UniqueIdentifier>
    </Filter>
    <Filter Include="Game\Demos\Level.0\All Of The Lights">
      <UniqueIdentifier>{ed00acc2-dce4-42b5-bc3d-c9f0844f04cc}</UniqueIdentifier>
    </Filter>
    <Filter Include="Game\Demos\Level.0\All Of The Lights\App">
      <UniqueIdentifier>{8c35c475-7790-4f94-9373-fd42f6928a73}</UniqueIdentifier>
    </Filter>
    <Filter Include="Game\Demos\Level.0\All Of The Lights\Resources">
      <UniqueIdentifier>{abcbd8ae-5fb0-4a69-ba5a-b91c27e257fe}</UniqueIdentifier>
    </Filter>
    <Filter Include="Game\Demos\Level.0\All Of The Lights\Shader">
      <UniqueIdentifier>{523ecde0-e3e6-4bec-8c62-5faae686dedc}</UniqueIdentifier>
    </Filter>
    <Filter Include="Renderer\Lights">
      <UniqueIdentifier>{7220c7cc-281e-464c-8ce5-754d857cb451}</UniqueIdentifier>
    </Filter>
    <Filter Include="Game\Demos\Level.0\Instancing\App">
      <UniqueIdentifier>{2d96cac3-9ba0-4154-aba5-ce469243a9a3}</UniqueIdentifier>
    </Filter>
    <Filter Include="Game\Demos\Level.0\Instancing\Resources">
      <UniqueIdentifier>{9c5dca65-0ed9-4296-8eb2-f5d9c6bdc1a4}</UniqueIdentifier>
    </Filter>
    <Filter Include="Game\Demos\Level.0\Instancing\Shader">
      <UniqueIdentifier>{4d50491b-5aa9-43a5-bfdc-fa5055c9d8d4}</UniqueIdentifier>
    </Filter>
    <Filter Include="Renderer\StructuredBuffer">
      <UniqueIdentifier>{0d4186c0-05f1-451a-95c9-294342c32830}</UniqueIdentifier>
    </Filter>
    <Filter Include="Game\Demos\Level.0\Frustum Culling">
      <UniqueIdentifier>{4f23caee-c982-46f5-98f8-a943ee193591}</UniqueIdentifier>
    </Filter>
    <Filter Include="Game\Demos\Level.0\Texture">
      <UniqueIdentifier>{83dab589-4c8e-42f5-84f6-dad3cf3e26e9}</UniqueIdentifier>
    </Filter>
    <Filter Include="Game\Demos\Level.1\Normal Mapping">
      <UniqueIdentifier>{8e9d76bd-8156-4d1a-bf17-05e0cc144745}</UniqueIdentifier>
    </Filter>
    <Filter Include="Game\Demos\Level.1\Skybox">
      <UniqueIdentifier>{8dc11045-6d3e-4d69-8db6-922962a3dbfd}</UniqueIdentifier>
    </Filter>
    <Filter Include="Game\Demos\Level.1\Terrain">
      <UniqueIdentifier>{c6cd749b-d236-4429-80d4-9e7c3eb5e9a0}</UniqueIdentifier>
    </Filter>
    <Filter Include="Renderer\Texture">
      <UniqueIdentifier>{2c8d3068-8c95-41c5-be24-87af5e4f411b}</UniqueIdentifier>
    </Filter>
    <Filter Include="Game\Demos\Level.0\Texture\App">
      <UniqueIdentifier>{938e5435-6c1a-4315-af27-b6f29a6740d1}</UniqueIdentifier>
    </Filter>
    <Filter Include="Game\Demos\Level.0\Texture\Resources">
      <UniqueIdentifier>{1c5b34ac-9728-4c24-b49e-1597cb8843b4}</UniqueIdentifier>
    </Filter>
    <Filter Include="Game\Demos\Level.0\Texture\Shader">
      <UniqueIdentifier>{c147333d-c808-4517-9476-1a1c9861c37b}</UniqueIdentifier>
    </Filter>
  </ItemGroup>
  <ItemGroup>
    <ClInclude Include="pch.h">
      <Filter>pch</Filter>
    </ClInclude>
    <ClInclude Include="framework.h">
      <Filter>Headers\Etc</Filter>
    </ClInclude>
    <ClInclude Include="Resource.h">
      <Filter>Headers\Etc</Filter>
    </ClInclude>
    <ClInclude Include="targetver.h">
      <Filter>Headers\Etc</Filter>
    </ClInclude>
    <ClInclude Include="constants.h">
      <Filter>Headers</Filter>
    </ClInclude>
    <ClInclude Include="Game.h">
      <Filter>Game\Game</Filter>
    </ClInclude>
    <ClInclude Include="Core.h">
      <Filter>Renderer\Core</Filter>
    </ClInclude>
    <ClInclude Include="Application.h">
      <Filter>App\Application</Filter>
    </ClInclude>
    <ClInclude Include="Utils.h">
      <Filter>Utils</Filter>
    </ClInclude>
    <ClInclude Include="RenderManager.h">
      <Filter>Renderer\Managers</Filter>
    </ClInclude>
    <ClInclude Include="SimpleMath.h">
      <Filter>Utils</Filter>
    </ClInclude>
    <ClInclude Include="types.h">
      <Filter>Headers</Filter>
    </ClInclude>
    <ClInclude Include="DDSTextureLoader12.h">
      <Filter>Renderer\DirectXTex</Filter>
    </ClInclude>
    <ClInclude Include="..\library\include\DirectXTex\DirectXTex.h">
      <Filter>Renderer\DirectXTex</Filter>
    </ClInclude>
    <ClInclude Include="ShaderManager.h">
      <Filter>Renderer\Managers</Filter>
    </ClInclude>
    <ClInclude Include="TimeManager.h">
      <Filter>Renderer\Managers</Filter>
    </ClInclude>
    <ClInclude Include="InputManager.h">
      <Filter>Renderer\Managers</Filter>
    </ClInclude>
    <ClInclude Include="Pipeline.h">
      <Filter>Renderer\Resources\Render</Filter>
    </ClInclude>
    <ClInclude Include="Shader.h">
      <Filter>Renderer\Resources\Render</Filter>
    </ClInclude>
    <ClInclude Include="RenderMethod.h">
      <Filter>Renderer\RenderMethods\Base</Filter>
    </ClInclude>
    <ClInclude Include="input_types.h">
      <Filter>Types</Filter>
    </ClInclude>
    <ClInclude Include="Object.h">
      <Filter>Game\Object\Object</Filter>
    </ClInclude>
    <ClInclude Include="Transform.h">
      <Filter>Game\Object\Components</Filter>
    </ClInclude>
    <ClInclude Include="renderer_types.h">
      <Filter>Types</Filter>
    </ClInclude>
    <ClInclude Include="Material.h">
      <Filter>Renderer\Resources\Model</Filter>
    </ClInclude>
    <ClInclude Include="Mesh.h">
      <Filter>Renderer\Resources\Model</Filter>
    </ClInclude>
    <ClInclude Include="HR_helper.h">
      <Filter>Headers</Filter>
    </ClInclude>
    <ClInclude Include="Model.h">
      <Filter>Renderer\Resources\Model</Filter>
    </ClInclude>
    <ClInclude Include="MeshHelper.h">
      <Filter>Utils</Filter>
    </ClInclude>
    <ClInclude Include="ResourceManager.h">
      <Filter>Renderer\Managers</Filter>
    </ClInclude>
    <ClInclude Include="ConstantBuffer.h">
      <Filter>Renderer\ConstantBuffer</Filter>
    </ClInclude>
    <ClInclude Include="RootSignature.h">
      <Filter>Renderer\RootSignature</Filter>
    </ClInclude>
    <ClInclude Include="DescriptorPool.h">
      <Filter>Renderer\Pool\Descriptor</Filter>
    </ClInclude>
    <ClInclude Include="Descriptor.h">
      <Filter>Renderer\Pool\Descriptor</Filter>
    </ClInclude>
    <ClInclude Include="CB_types.h">
      <Filter>Types</Filter>
    </ClInclude>
    <ClInclude Include="BasicForwardRenderDemo.h">
      <Filter>Game\Demos\Level.0\Basic Forward Render\App</Filter>
    </ClInclude>
    <ClInclude Include="BasicForwardRenderResources.h">
      <Filter>Game\Demos\Level.0\Basic Forward Render\Render Resources</Filter>
    </ClInclude>
    <ClInclude Include="Camera.h">
      <Filter>Renderer\Camera</Filter>
    </ClInclude>
    <ClInclude Include="HierarchyModelDemo.h">
      <Filter>Game\Demos\Level.0\Hierarchy Model\App</Filter>
    </ClInclude>
    <ClInclude Include="HierarchyModelResource.h">
      <Filter>Game\Demos\Level.0\Hierarchy Model\Render Resources</Filter>
    </ClInclude>
    <ClInclude Include="LambertDemo.h">
      <Filter>Game\Demos\Level.0\Lambert Lighting\App</Filter>
    </ClInclude>
    <ClInclude Include="LambertResources.h">
      <Filter>Game\Demos\Level.0\Lambert Lighting\Resources</Filter>
    </ClInclude>
    <ClInclude Include="ImGuiManager.h">
      <Filter>Renderer\Managers</Filter>
    </ClInclude>
    <ClInclude Include="ImGui\imgui_internal.h">
      <Filter>Utils\ImGui</Filter>
    </ClInclude>
    <ClInclude Include="ImGui\imstb_rectpack.h">
      <Filter>Utils\ImGui</Filter>
    </ClInclude>
    <ClInclude Include="ImGui\imstb_textedit.h">
      <Filter>Utils\ImGui</Filter>
    </ClInclude>
    <ClInclude Include="ImGui\imstb_truetype.h">
      <Filter>Utils\ImGui</Filter>
    </ClInclude>
    <ClInclude Include="ImGui\imconfig.h">
      <Filter>Utils\ImGui</Filter>
    </ClInclude>
    <ClInclude Include="ImGui\imgui.h">
      <Filter>Utils\ImGui</Filter>
    </ClInclude>
    <ClInclude Include="ImGui\imgui_impl_dx12.h">
      <Filter>Utils\ImGui</Filter>
    </ClInclude>
    <ClInclude Include="ImGui\imgui_impl_win32.h">
      <Filter>Utils\ImGui</Filter>
    </ClInclude>
    <ClInclude Include="define.h">
      <Filter>Headers</Filter>
    </ClInclude>
    <ClInclude Include="BlinnPhongDemo.h">
      <Filter>Game\Demos\Level.0\Blinn-Phong Lighting\App</Filter>
    </ClInclude>
    <ClInclude Include="BlinnPhongResource.h">
      <Filter>Game\Demos\Level.0\Blinn-Phong Lighting\Resources</Filter>
    </ClInclude>
    <ClInclude Include="SpotlightDemo.h">
      <Filter>Game\Demos\Level.0\SpotLight\App</Filter>
    </ClInclude>
    <ClInclude Include="SpotlightResources.h">
      <Filter>Game\Demos\Level.0\SpotLight\Resources</Filter>
    </ClInclude>
    <ClInclude Include="PointlightDemo.h">
      <Filter>Game\Demos\Level.0\PointLight\App</Filter>
    </ClInclude>
    <ClInclude Include="PointlightResources.h">
      <Filter>Game\Demos\Level.0\PointLight\Resources</Filter>
    </ClInclude>
    <ClInclude Include="LightDemo.h">
      <Filter>Game\Demos\Level.0\All Of The Lights\App</Filter>
    </ClInclude>
    <ClInclude Include="Light.h">
      <Filter>Renderer\Lights</Filter>
    </ClInclude>
    <ClInclude Include="LightDesc.h">
      <Filter>Renderer\Lights</Filter>
    </ClInclude>
    <ClInclude Include="InstancingDemo.h">
      <Filter>Game\Demos\Level.0\Instancing\App</Filter>
    </ClInclude>
    <ClInclude Include="InstancingResources.h">
      <Filter>Game\Demos\Level.0\Instancing\Resources</Filter>
    </ClInclude>
    <ClInclude Include="StructuredBuffer.h">
      <Filter>Renderer\StructuredBuffer</Filter>
    </ClInclude>
    <ClInclude Include="Texture.h">
      <Filter>Renderer\Texture</Filter>
    </ClInclude>
    <ClInclude Include="WICTextureLoader12.h">
      <Filter>Renderer\DirectXTex</Filter>
    </ClInclude>
    <ClInclude Include="TextureDemoResources.h">
      <Filter>Game\Demos\Level.0\Texture\Resources</Filter>
    </ClInclude>
    <ClInclude Include="TextureDemo.h" />
    <ClInclude Include="LightResources.h">
      <Filter>Game\Demos\Level.0\All Of The Lights\Resources</Filter>
    </ClInclude>
    <ClInclude Include="TextureManager.h" />
  </ItemGroup>
  <ItemGroup>
    <Image Include="Basics.ico">
      <Filter>Resources</Filter>
    </Image>
    <Image Include="small.ico">
      <Filter>Resources</Filter>
    </Image>
  </ItemGroup>
  <ItemGroup>
    <ResourceCompile Include="Basics.rc">
      <Filter>Resources</Filter>
    </ResourceCompile>
  </ItemGroup>
  <ItemGroup>
    <ClCompile Include="pch.cpp">
      <Filter>pch</Filter>
    </ClCompile>
    <ClCompile Include="Game.cpp">
      <Filter>Game\Game</Filter>
    </ClCompile>
    <ClCompile Include="Core.cpp">
      <Filter>Renderer\Core</Filter>
    </ClCompile>
    <ClCompile Include="Application.cpp">
      <Filter>App\Application</Filter>
    </ClCompile>
    <ClCompile Include="Utils.cpp">
      <Filter>Utils</Filter>
    </ClCompile>
    <ClCompile Include="RenderManager.cpp">
      <Filter>Renderer\Managers</Filter>
    </ClCompile>
    <ClCompile Include="SimpleMath.cpp">
      <Filter>Utils</Filter>
    </ClCompile>
    <ClCompile Include="Entry.cpp">
      <Filter>Entry</Filter>
    </ClCompile>
    <ClCompile Include="DDSTextureLoader12.cpp">
      <Filter>Renderer\DirectXTex</Filter>
    </ClCompile>
    <ClCompile Include="ShaderManager.cpp">
      <Filter>Renderer\Managers</Filter>
    </ClCompile>
    <ClCompile Include="TimeManager.cpp">
      <Filter>Renderer\Managers</Filter>
    </ClCompile>
    <ClCompile Include="InputManager.cpp">
      <Filter>Renderer\Managers</Filter>
    </ClCompile>
    <ClCompile Include="Pipeline.cpp">
      <Filter>Renderer\Resources\Render</Filter>
    </ClCompile>
    <ClCompile Include="Shader.cpp">
      <Filter>Renderer\Resources\Render</Filter>
    </ClCompile>
    <ClCompile Include="RenderMethod.cpp">
      <Filter>Renderer\RenderMethods\Base</Filter>
    </ClCompile>
    <ClCompile Include="input_types.cpp">
      <Filter>Types</Filter>
    </ClCompile>
    <ClCompile Include="Object.cpp">
      <Filter>Game\Object\Object</Filter>
    </ClCompile>
    <ClCompile Include="Transform.cpp">
      <Filter>Game\Object\Components</Filter>
    </ClCompile>
    <ClCompile Include="renderer_types.cpp">
      <Filter>Types</Filter>
    </ClCompile>
    <ClCompile Include="Material.cpp">
      <Filter>Renderer\Resources\Model</Filter>
    </ClCompile>
    <ClCompile Include="Mesh.cpp">
      <Filter>Renderer\Resources\Model</Filter>
    </ClCompile>
    <ClCompile Include="Model.cpp">
      <Filter>Renderer\Resources\Model</Filter>
    </ClCompile>
    <ClCompile Include="MeshHelper.cpp">
      <Filter>Utils</Filter>
    </ClCompile>
    <ClCompile Include="ResourceManager.cpp">
      <Filter>Renderer\Managers</Filter>
    </ClCompile>
    <ClCompile Include="ConstantBuffer.cpp">
      <Filter>Renderer\ConstantBuffer</Filter>
    </ClCompile>
    <ClCompile Include="RootSignature.cpp">
      <Filter>Renderer\RootSignature</Filter>
    </ClCompile>
    <ClCompile Include="DescriptorPool.cpp">
      <Filter>Renderer\Pool\Descriptor</Filter>
    </ClCompile>
    <ClCompile Include="Descriptor.cpp">
      <Filter>Renderer\Pool\Descriptor</Filter>
    </ClCompile>
    <ClCompile Include="Camera.cpp">
      <Filter>Renderer\Camera</Filter>
    </ClCompile>
    <ClCompile Include="CB_types.cpp">
      <Filter>Types</Filter>
    </ClCompile>
    <ClCompile Include="BasicForwardRenderDemo.cpp">
      <Filter>Game\Demos\Level.0\Basic Forward Render\App</Filter>
    </ClCompile>
    <ClCompile Include="BasicForwardRenderResources.cpp">
      <Filter>Game\Demos\Level.0\Basic Forward Render\Render Resources</Filter>
    </ClCompile>
    <ClCompile Include="HierarchyModelDemo.cpp">
      <Filter>Game\Demos\Level.0\Hierarchy Model\App</Filter>
    </ClCompile>
    <ClCompile Include="HierarchyModelResource.cpp">
      <Filter>Game\Demos\Level.0\Hierarchy Model\Render Resources</Filter>
    </ClCompile>
    <ClCompile Include="LambertDemo.cpp">
      <Filter>Game\Demos\Level.0\Lambert Lighting\App</Filter>
    </ClCompile>
    <ClCompile Include="LambertResources.cpp">
      <Filter>Game\Demos\Level.0\Lambert Lighting\Resources</Filter>
    </ClCompile>
    <ClCompile Include="ImGuiManager.cpp">
      <Filter>Renderer\Managers</Filter>
    </ClCompile>
    <ClCompile Include="ImGui\imgui_draw.cpp">
      <Filter>Utils\ImGui</Filter>
    </ClCompile>
    <ClCompile Include="ImGui\imgui_tables.cpp">
      <Filter>Utils\ImGui</Filter>
    </ClCompile>
    <ClCompile Include="ImGui\imgui_widgets.cpp">
      <Filter>Utils\ImGui</Filter>
    </ClCompile>
    <ClCompile Include="ImGui\imgui.cpp">
      <Filter>Utils\ImGui</Filter>
    </ClCompile>
    <ClCompile Include="ImGui\imgui_demo.cpp">
      <Filter>Utils\ImGui</Filter>
    </ClCompile>
    <ClCompile Include="ImGui\imgui_impl_win32.cpp">
      <Filter>Utils\ImGui</Filter>
    </ClCompile>
    <ClCompile Include="ImGui\imgui_impl_dx12.cpp">
      <Filter>Utils\ImGui</Filter>
    </ClCompile>
    <ClCompile Include="BlinnPhongDemo.cpp">
      <Filter>Game\Demos\Level.0\Blinn-Phong Lighting\App</Filter>
    </ClCompile>
    <ClCompile Include="BlinnPhongResource.cpp">
      <Filter>Game\Demos\Level.0\Blinn-Phong Lighting\Resources</Filter>
    </ClCompile>
    <ClCompile Include="SpotlightDemo.cpp">
      <Filter>Game\Demos\Level.0\SpotLight\App</Filter>
    </ClCompile>
    <ClCompile Include="SpotlightResources.cpp">
      <Filter>Game\Demos\Level.0\SpotLight\Resources</Filter>
    </ClCompile>
    <ClCompile Include="PointlightDemo.cpp">
      <Filter>Game\Demos\Level.0\PointLight\App</Filter>
    </ClCompile>
    <ClCompile Include="PointlightResources.cpp">
      <Filter>Game\Demos\Level.0\PointLight\Resources</Filter>
    </ClCompile>
    <ClCompile Include="LightDemo.cpp">
      <Filter>Game\Demos\Level.0\All Of The Lights\App</Filter>
    </ClCompile>
    <ClCompile Include="Light.cpp">
      <Filter>Renderer\Lights</Filter>
    </ClCompile>
    <ClCompile Include="InstancingDemo.cpp">
      <Filter>Game\Demos\Level.0\Instancing\App</Filter>
    </ClCompile>
    <ClCompile Include="InstancingResources.cpp">
      <Filter>Game\Demos\Level.0\Instancing\Resources</Filter>
    </ClCompile>
    <ClCompile Include="StructuredBuffer.cpp">
      <Filter>Renderer\StructuredBuffer</Filter>
    </ClCompile>
    <ClCompile Include="Texture.cpp">
      <Filter>Renderer\Texture</Filter>
    </ClCompile>
    <ClCompile Include="WICTextureLoader12.cpp">
      <Filter>Renderer\DirectXTex</Filter>
    </ClCompile>
    <ClCompile Include="TextureDemoResources.cpp">
      <Filter>Game\Demos\Level.0\Texture\Resources</Filter>
    </ClCompile>
    <ClCompile Include="TextureDemo.cpp" />
    <ClCompile Include="LightResources.cpp">
      <Filter>Game\Demos\Level.0\All Of The Lights\Resources</Filter>
    </ClCompile>
    <ClCompile Include="TextureManager.cpp" />
  </ItemGroup>
  <ItemGroup>
    <None Include="packages.config" />
    <None Include="SimpleMath.inl">
      <Filter>Utils</Filter>
    </None>
    <None Include="..\library\include\DirectXTex\DirectXTex.inl">
      <Filter>Renderer\DirectXTex</Filter>
    </None>
  </ItemGroup>
  <ItemGroup>
    <Text Include="prefix_notation.md" />
    <Text Include="ImGui\LICENSE.txt">
      <Filter>Utils\ImGui</Filter>
    </Text>
  </ItemGroup>
  <ItemGroup>
    <FxCompile Include="..\Shader\test.hlsl">
      <Filter>Game\Demos\Level.0\Basic Forward Render\Shader</Filter>
    </FxCompile>
    <FxCompile Include="..\Shader\HierarchyModel.hlsl">
      <Filter>Game\Demos\Level.0\Hierarchy Model\Shader</Filter>
    </FxCompile>
    <FxCompile Include="..\Shader\LambertLight.hlsl">
      <Filter>Game\Demos\Level.0\Lambert Lighting\Shader</Filter>
    </FxCompile>
    <FxCompile Include="..\Shader\BlinnPhongLight.hlsl">
      <Filter>Game\Demos\Level.0\Blinn-Phong Lighting\Shader</Filter>
    </FxCompile>
    <FxCompile Include="..\Shader\SpotLight.hlsl">
      <Filter>Game\Demos\Level.0\SpotLight\Shader</Filter>
    </FxCompile>
    <FxCompile Include="..\Shader\PointLight.hlsl">
      <Filter>Game\Demos\Level.0\PointLight\Shader</Filter>
    </FxCompile>
    <FxCompile Include="..\Shader\Common.hlsl">
      <Filter>Game\Demos</Filter>
    </FxCompile>
    <FxCompile Include="..\Shader\Instancing.hlsl">
      <Filter>Game\Demos\Level.0\Instancing\Shader</Filter>
    </FxCompile>
    <FxCompile Include="..\Shader\ComputeLight.hlsl">
      <Filter>Game\Demos\Level.0\All Of The Lights\Shader</Filter>
    </FxCompile>
    <FxCompile Include="..\Shader\Light.hlsl">
      <Filter>Game\Demos\Level.0\All Of The Lights\Shader</Filter>
    </FxCompile>
  </ItemGroup>
</Project>