<?xml version="1.0" encoding="utf-8"?>
<Project ToolsVersion="4.0" xmlns="http://schemas.microsoft.com/developer/msbuild/2003">
  <ItemGroup>
    <Filter Include="Resources">
      <UniqueIdentifier>{d51a9cde-4c67-4a05-9aff-7986bd23c8eb}</UniqueIdentifier>
    </Filter>
    <Filter Include="Headers">
      <UniqueIdentifier>{3716b6a9-64b7-4923-b6b4-f7e52c5b320b}</UniqueIdentifier>
    </Filter>
    <Filter Include="pch">
      <UniqueIdentifier>{0ff0f11d-55df-4c7d-bc16-ec7179b348e1}</UniqueIdentifier>
    </Filter>
    <Filter Include="Entry">
      <UniqueIdentifier>{c8bbe8aa-5ed3-478b-a00b-a591a8e9c65a}</UniqueIdentifier>
    </Filter>
    <Filter Include="Renderer">
      <UniqueIdentifier>{6cbcf9bd-e4f1-451f-b9c6-dd073477aeb6}</UniqueIdentifier>
    </Filter>
    <Filter Include="Game">
      <UniqueIdentifier>{7d8e3047-ccd1-45bd-8e34-22c4418bf2f5}</UniqueIdentifier>
    </Filter>
    <Filter Include="App">
      <UniqueIdentifier>{bb162187-6c2f-4a27-8f36-b969bee5cfe8}</UniqueIdentifier>
    </Filter>
    <Filter Include="App\Application">
      <UniqueIdentifier>{9bd937f8-a233-4e5c-90b5-321d5b26da90}</UniqueIdentifier>
    </Filter>
    <Filter Include="Headers\Etc">
      <UniqueIdentifier>{37aa9a36-cc7a-4478-9ea8-f1358b9c1e55}</UniqueIdentifier>
    </Filter>
    <Filter Include="Game\Game">
      <UniqueIdentifier>{cb37106f-2b3c-41e3-b913-ffd89f71d92c}</UniqueIdentifier>
    </Filter>
    <Filter Include="Renderer\Core">
      <UniqueIdentifier>{aca0eb38-a960-4f8c-ae7a-e1ca31943ff6}</UniqueIdentifier>
    </Filter>
    <Filter Include="Renderer\Resources">
      <UniqueIdentifier>{64e9871d-f8a2-4ca0-85c8-adca5f8660c9}</UniqueIdentifier>
    </Filter>
    <Filter Include="Utils">
      <UniqueIdentifier>{f0cfddd2-1ff3-45b2-95f5-f008b44d8234}</UniqueIdentifier>
    </Filter>
    <Filter Include="Renderer\Managers">
      <UniqueIdentifier>{a19fff12-a99c-4d65-96b6-8742324b2936}</UniqueIdentifier>
    </Filter>
  </ItemGroup>
  <ItemGroup>
    <ClInclude Include="pch.h">
      <Filter>pch</Filter>
    </ClInclude>
    <ClInclude Include="define.h">
      <Filter>Headers</Filter>
    </ClInclude>
    <ClInclude Include="framework.h">
      <Filter>Headers\Etc</Filter>
    </ClInclude>
    <ClInclude Include="Resource.h">
      <Filter>Headers\Etc</Filter>
    </ClInclude>
    <ClInclude Include="targetver.h">
      <Filter>Headers\Etc</Filter>
    </ClInclude>
    <ClInclude Include="constants.h">
      <Filter>Headers</Filter>
    </ClInclude>
    <ClInclude Include="Object.h">
      <Filter>Game</Filter>
    </ClInclude>
    <ClInclude Include="Game.h">
      <Filter>Game\Game</Filter>
    </ClInclude>
    <ClInclude Include="Core.h">
      <Filter>Renderer\Core</Filter>
    </ClInclude>
    <ClInclude Include="Application.h">
      <Filter>App\Application</Filter>
    </ClInclude>
    <ClInclude Include="DescriptorPool.h">
      <Filter>Renderer\Resources</Filter>
    </ClInclude>
    <ClInclude Include="ConstantBufferPool.h">
      <Filter>Renderer\Resources</Filter>
    </ClInclude>
    <ClInclude Include="Utils.h">
      <Filter>Utils</Filter>
    </ClInclude>
    <ClInclude Include="RenderManager.h">
      <Filter>Renderer\Managers</Filter>
    </ClInclude>
    <ClInclude Include="SimpleMath.h">
      <Filter>Utils</Filter>
    </ClInclude>
    <ClInclude Include="types.h">
      <Filter>Headers</Filter>
    </ClInclude>
    <ClInclude Include="TestApp.h">
      <Filter>App\Application</Filter>
    </ClInclude>
  </ItemGroup>
  <ItemGroup>
    <Image Include="Basics.ico">
      <Filter>Resources</Filter>
    </Image>
    <Image Include="small.ico">
      <Filter>Resources</Filter>
    </Image>
  </ItemGroup>
  <ItemGroup>
    <ResourceCompile Include="Basics.rc">
      <Filter>Resources</Filter>
    </ResourceCompile>
  </ItemGroup>
  <ItemGroup>
    <ClCompile Include="pch.cpp">
      <Filter>pch</Filter>
    </ClCompile>
    <ClCompile Include="Object.cpp">
      <Filter>Game</Filter>
    </ClCompile>
    <ClCompile Include="Game.cpp">
      <Filter>Game\Game</Filter>
    </ClCompile>
    <ClCompile Include="Core.cpp">
      <Filter>Renderer\Core</Filter>
    </ClCompile>
    <ClCompile Include="Application.cpp">
      <Filter>App\Application</Filter>
    </ClCompile>
    <ClCompile Include="DescriptorPool.cpp">
      <Filter>Renderer\Resources</Filter>
    </ClCompile>
    <ClCompile Include="ConstantBufferPool.cpp">
      <Filter>Renderer\Resources</Filter>
    </ClCompile>
    <ClCompile Include="Utils.cpp">
      <Filter>Utils</Filter>
    </ClCompile>
    <ClCompile Include="RenderManager.cpp">
      <Filter>Renderer\Managers</Filter>
    </ClCompile>
    <ClCompile Include="SimpleMath.cpp">
      <Filter>Utils</Filter>
    </ClCompile>
    <ClCompile Include="Entry.cpp">
      <Filter>Entry</Filter>
    </ClCompile>
    <ClCompile Include="TestApp.cpp">
      <Filter>App\Application</Filter>
    </ClCompile>
  </ItemGroup>
  <ItemGroup>
    <None Include="packages.config" />
    <None Include="SimpleMath.inl">
      <Filter>Utils</Filter>
    </None>
  </ItemGroup>
</Project>