<?xml version="1.0" encoding="utf-8"?>
<Project ToolsVersion="4.0" xmlns="http://schemas.microsoft.com/developer/msbuild/2003">
  <ItemGroup>
    <Filter Include="Resource">
      <UniqueIdentifier>{ec19832d-3762-4295-a8e0-8b0da831842e}</UniqueIdentifier>
    </Filter>
    <Filter Include="D3D11Renderer">
      <UniqueIdentifier>{8346a0e5-71c4-48cb-bed3-a717ac8442fd}</UniqueIdentifier>
    </Filter>
    <Filter Include="Headers">
      <UniqueIdentifier>{fe64f2d7-b6ab-4310-8633-306664d2b81b}</UniqueIdentifier>
    </Filter>
    <Filter Include="Headers\pch">
      <UniqueIdentifier>{27c76889-efe8-4694-bf25-a8af950a1547}</UniqueIdentifier>
    </Filter>
    <Filter Include="D3D11Renderer\Core">
      <UniqueIdentifier>{06b21a43-1f87-4e88-9fe1-17fef0069bdb}</UniqueIdentifier>
    </Filter>
    <Filter Include="Headers\etc">
      <UniqueIdentifier>{80b4c66a-0cd4-407e-9624-5c9093969c32}</UniqueIdentifier>
    </Filter>
    <Filter Include="D3D11Renderer\ImGUI">
      <UniqueIdentifier>{92cce53b-26d1-482d-9fd9-9f10cd095531}</UniqueIdentifier>
    </Filter>
    <Filter Include="D3D11Renderer\Managers">
      <UniqueIdentifier>{c4754b4e-f057-4c33-94c9-90ff3a35a58e}</UniqueIdentifier>
    </Filter>
    <Filter Include="D3D11Renderer\Model">
      <UniqueIdentifier>{d642a8fd-e245-48f2-acd1-031e7b723324}</UniqueIdentifier>
    </Filter>
    <Filter Include="Importer">
      <UniqueIdentifier>{5eba26b1-48d2-45c7-9320-a6255e0e9354}</UniqueIdentifier>
    </Filter>
    <Filter Include="D3D11Renderer\Model\Components">
      <UniqueIdentifier>{ec83776f-fc1a-46b8-8a2f-fd798d495a85}</UniqueIdentifier>
    </Filter>
    <Filter Include="D3D11Renderer\Model\Components\Buffers">
      <UniqueIdentifier>{b345e326-7a80-4248-82f5-014957f7d719}</UniqueIdentifier>
    </Filter>
    <Filter Include="D3D11Renderer\Model\Components\Material Components">
      <UniqueIdentifier>{7580aebe-9f59-480b-bb43-314cef360440}</UniqueIdentifier>
    </Filter>
    <Filter Include="D3D11Renderer\Model\Components\Model Components">
      <UniqueIdentifier>{f5a1350a-9250-48ae-b62b-433931a3e6e8}</UniqueIdentifier>
    </Filter>
    <Filter Include="D3D11Renderer\Shader">
      <UniqueIdentifier>{b80affbf-7e22-4ff4-ad36-935f7196ab9e}</UniqueIdentifier>
    </Filter>
    <Filter Include="App">
      <UniqueIdentifier>{aa9c6905-4122-4778-accf-96c7756806b4}</UniqueIdentifier>
    </Filter>
    <Filter Include="Entry">
      <UniqueIdentifier>{2bd20593-2acc-424a-b7d8-45c5ea0f0eb7}</UniqueIdentifier>
    </Filter>
    <Filter Include="D3D11Renderer\ConstantBuffer">
      <UniqueIdentifier>{fa49c2ad-08cc-4c23-b0d5-f2eca52223ae}</UniqueIdentifier>
    </Filter>
    <Filter Include="D3D11Renderer\Camera">
      <UniqueIdentifier>{a7c7cb2e-2e31-4d37-b5b5-bb385681c8db}</UniqueIdentifier>
    </Filter>
  </ItemGroup>
  <ItemGroup>
    <ClInclude Include="stdafx.h">
      <Filter>Headers\pch</Filter>
    </ClInclude>
    <ClInclude Include="framework.h">
      <Filter>Headers\etc</Filter>
    </ClInclude>
    <ClInclude Include="Resource.h">
      <Filter>Headers\etc</Filter>
    </ClInclude>
    <ClInclude Include="targetver.h">
      <Filter>Headers\etc</Filter>
    </ClInclude>
    <ClInclude Include="D3D11Core.h">
      <Filter>D3D11Renderer\Core</Filter>
    </ClInclude>
    <ClInclude Include="ModelImporter.h">
      <Filter>Entry</Filter>
    </ClInclude>
    <ClInclude Include="ImGuiManager.h">
      <Filter>D3D11Renderer\Managers</Filter>
    </ClInclude>
    <ClInclude Include="Imgui\imgui.h">
      <Filter>D3D11Renderer\ImGUI</Filter>
    </ClInclude>
    <ClInclude Include="Imgui\imgui_impl_dx11.h">
      <Filter>D3D11Renderer\ImGUI</Filter>
    </ClInclude>
    <ClInclude Include="Imgui\imgui_impl_win32.h">
      <Filter>D3D11Renderer\ImGUI</Filter>
    </ClInclude>
    <ClInclude Include="Imgui\imgui_internal.h">
      <Filter>D3D11Renderer\ImGUI</Filter>
    </ClInclude>
    <ClInclude Include="Imgui\imstb_rectpack.h">
      <Filter>D3D11Renderer\ImGUI</Filter>
    </ClInclude>
    <ClInclude Include="Imgui\imstb_textedit.h">
      <Filter>D3D11Renderer\ImGUI</Filter>
    </ClInclude>
    <ClInclude Include="Imgui\imstb_truetype.h">
      <Filter>D3D11Renderer\ImGUI</Filter>
    </ClInclude>
    <ClInclude Include="Imgui\imconfig.h">
      <Filter>D3D11Renderer\ImGUI</Filter>
    </ClInclude>
    <ClInclude Include="define.h">
      <Filter>Headers</Filter>
    </ClInclude>
    <ClInclude Include="Importer.h">
      <Filter>Importer</Filter>
    </ClInclude>
    <ClInclude Include="Application.h">
      <Filter>App</Filter>
    </ClInclude>
    <ClInclude Include="Model.h">
      <Filter>D3D11Renderer\Model</Filter>
    </ClInclude>
    <ClInclude Include="IndexBuffer.h">
      <Filter>D3D11Renderer\Model\Components\Buffers</Filter>
    </ClInclude>
    <ClInclude Include="VertexBuffer.h">
      <Filter>D3D11Renderer\Model\Components\Buffers</Filter>
    </ClInclude>
    <ClInclude Include="Shader.h">
      <Filter>D3D11Renderer\Model\Components\Material Components</Filter>
    </ClInclude>
    <ClInclude Include="Texture.h">
      <Filter>D3D11Renderer\Model\Components\Material Components</Filter>
    </ClInclude>
    <ClInclude Include="Mesh.h">
      <Filter>D3D11Renderer\Model\Components\Model Components</Filter>
    </ClInclude>
    <ClInclude Include="Transform.h">
      <Filter>D3D11Renderer\Model\Components\Model Components</Filter>
    </ClInclude>
    <ClInclude Include="Material.h">
      <Filter>D3D11Renderer\Model\Components</Filter>
    </ClInclude>
    <ClInclude Include="ConstantBuffer.h">
      <Filter>D3D11Renderer\ConstantBuffer</Filter>
    </ClInclude>
    <ClInclude Include="Camera.h">
      <Filter>D3D11Renderer\Camera</Filter>
    </ClInclude>
    <ClInclude Include="CB_types.h">
      <Filter>D3D11Renderer\ConstantBuffer</Filter>
    </ClInclude>
    <ClInclude Include="InputManager.h" />
  </ItemGroup>
  <ItemGroup>
    <Image Include="ModelImporter.ico">
      <Filter>Resource</Filter>
    </Image>
    <Image Include="small.ico">
      <Filter>Resource</Filter>
    </Image>
  </ItemGroup>
  <ItemGroup>
    <ClCompile Include="stdafx.cpp">
      <Filter>Headers\pch</Filter>
    </ClCompile>
    <ClCompile Include="D3D11Core.cpp">
      <Filter>D3D11Renderer\Core</Filter>
    </ClCompile>
    <ClCompile Include="ModelImporter.cpp">
      <Filter>Entry</Filter>
    </ClCompile>
    <ClCompile Include="ImGuiManager.cpp">
      <Filter>D3D11Renderer\Managers</Filter>
    </ClCompile>
    <ClCompile Include="Imgui\imgui.cpp">
      <Filter>D3D11Renderer\ImGUI</Filter>
    </ClCompile>
    <ClCompile Include="Imgui\imgui_demo.cpp">
      <Filter>D3D11Renderer\ImGUI</Filter>
    </ClCompile>
    <ClCompile Include="Imgui\imgui_draw.cpp">
      <Filter>D3D11Renderer\ImGUI</Filter>
    </ClCompile>
    <ClCompile Include="Imgui\imgui_impl_dx11.cpp">
      <Filter>D3D11Renderer\ImGUI</Filter>
    </ClCompile>
    <ClCompile Include="Imgui\imgui_impl_win32.cpp">
      <Filter>D3D11Renderer\ImGUI</Filter>
    </ClCompile>
    <ClCompile Include="Imgui\imgui_tables.cpp">
      <Filter>D3D11Renderer\ImGUI</Filter>
    </ClCompile>
    <ClCompile Include="Imgui\imgui_widgets.cpp">
      <Filter>D3D11Renderer\ImGUI</Filter>
    </ClCompile>
    <ClCompile Include="Importer.cpp">
      <Filter>Importer</Filter>
    </ClCompile>
    <ClCompile Include="Application.cpp">
      <Filter>App</Filter>
    </ClCompile>
    <ClCompile Include="Model.cpp">
      <Filter>D3D11Renderer\Model</Filter>
    </ClCompile>
    <ClCompile Include="IndexBuffer.cpp">
      <Filter>D3D11Renderer\Model\Components\Buffers</Filter>
    </ClCompile>
    <ClCompile Include="VertexBuffer.cpp">
      <Filter>D3D11Renderer\Model\Components\Buffers</Filter>
    </ClCompile>
    <ClCompile Include="Shader.cpp">
      <Filter>D3D11Renderer\Model\Components\Material Components</Filter>
    </ClCompile>
    <ClCompile Include="Texture.cpp">
      <Filter>D3D11Renderer\Model\Components\Material Components</Filter>
    </ClCompile>
    <ClCompile Include="Mesh.cpp">
      <Filter>D3D11Renderer\Model\Components\Model Components</Filter>
    </ClCompile>
    <ClCompile Include="Transform.cpp">
      <Filter>D3D11Renderer\Model\Components\Model Components</Filter>
    </ClCompile>
    <ClCompile Include="Material.cpp">
      <Filter>D3D11Renderer\Model\Components</Filter>
    </ClCompile>
    <ClCompile Include="ConstantBuffer.cpp">
      <Filter>D3D11Renderer\ConstantBuffer</Filter>
    </ClCompile>
    <ClCompile Include="Camera.cpp">
      <Filter>D3D11Renderer\Camera</Filter>
    </ClCompile>
    <ClCompile Include="InputManager.cpp" />
  </ItemGroup>
  <ItemGroup>
    <ResourceCompile Include="ModelImporter.rc">
      <Filter>Resource</Filter>
    </ResourceCompile>
  </ItemGroup>
  <ItemGroup>
    <FxCompile Include="Shader\ImporterShader.hlsl">
      <Filter>D3D11Renderer\Shader</Filter>
    </FxCompile>
  </ItemGroup>
</Project>